# Code generated by scarb DO NOT EDIT.
version = 1

[[package]]
name = "openzeppelin"
version = "0.8.0"
source = "git+https://github.com/OpenZeppelin/cairo-contracts.git#984d3becef7bc1c41532960cdb3830d4e6f35c53"

[[package]]
name = "snforge_std"
version = "0.1.0"
source = "git+https://github.com/foundry-rs/starknet-foundry#160229cb0edb40d143323ee566d4bf8e61f56259"

[[package]]
name = "switchboard_price_oracle"
version = "0.0.0"
dependencies = [
 "openzeppelin",
 "snforge_std",
]
